
Microsoft Visual Studio Solution File, Format Version 12.00
# Visual Studio 15
VisualStudioVersion = 15.0.26124.0
MinimumVisualStudioVersion = 15.0.26124.0
Project("{FAE04EC0-301F-11D3-BF4B-00C04F79EFBC}") = "QuickBuy.Dominio", "QuickBuy.Dominio\QuickBuy.Dominio.csproj", "{3DEDA27E-C9E3-4B74-80DD-DEE12499CBB8}"
EndProject
Project("{FAE04EC0-301F-11D3-BF4B-00C04F79EFBC}") = "QuickBuy.Repositorio", "QuickBuy.Repositorio\QuickBuy.Repositorio.csproj", "{C60C02FA-3B80-406A-8775-4ECB0BC8E7B2}"
EndProject
Project("{FAE04EC0-301F-11D3-BF4B-00C04F79EFBC}") = "QuickBuy.Web", "QuickBuy.Web\QuickBuy.Web.csproj", "{A683F73B-46E5-4433-9992-783EBC7E00E9}"
EndProject
Global
	GlobalSection(SolutionConfigurationPlatforms) = preSolution
		Debug|Any CPU = Debug|Any CPU
		Debug|x64 = Debug|x64
		Debug|x86 = Debug|x86
		Release|Any CPU = Release|Any CPU
		Release|x64 = Release|x64
		Release|x86 = Release|x86
	EndGlobalSection
	GlobalSection(SolutionProperties) = preSolution
		HideSolutionNode = FALSE
	EndGlobalSection
	GlobalSection(ProjectConfigurationPlatforms) = postSolution
		{3DEDA27E-C9E3-4B74-80DD-DEE12499CBB8}.Debug|Any CPU.ActiveCfg = Debug|Any CPU
		{3DEDA27E-C9E3-4B74-80DD-DEE12499CBB8}.Debug|Any CPU.Build.0 = Debug|Any CPU
		{3DEDA27E-C9E3-4B74-80DD-DEE12499CBB8}.Debug|x64.ActiveCfg = Debug|Any CPU
		{3DEDA27E-C9E3-4B74-80DD-DEE12499CBB8}.Debug|x64.Build.0 = Debug|Any CPU
		{3DEDA27E-C9E3-4B74-80DD-DEE12499CBB8}.Debug|x86.ActiveCfg = Debug|Any CPU
		{3DEDA27E-C9E3-4B74-80DD-DEE12499CBB8}.Debug|x86.Build.0 = Debug|Any CPU
		{3DEDA27E-C9E3-4B74-80DD-DEE12499CBB8}.Release|Any CPU.ActiveCfg = Release|Any CPU
		{3DEDA27E-C9E3-4B74-80DD-DEE12499CBB8}.Release|Any CPU.Build.0 = Release|Any CPU
		{3DEDA27E-C9E3-4B74-80DD-DEE12499CBB8}.Release|x64.ActiveCfg = Release|Any CPU
		{3DEDA27E-C9E3-4B74-80DD-DEE12499CBB8}.Release|x64.Build.0 = Release|Any CPU
		{3DEDA27E-C9E3-4B74-80DD-DEE12499CBB8}.Release|x86.ActiveCfg = Release|Any CPU
		{3DEDA27E-C9E3-4B74-80DD-DEE12499CBB8}.Release|x86.Build.0 = Release|Any CPU
		{C60C02FA-3B80-406A-8775-4ECB0BC8E7B2}.Debug|Any CPU.ActiveCfg = Debug|Any CPU
		{C60C02FA-3B80-406A-8775-4ECB0BC8E7B2}.Debug|Any CPU.Build.0 = Debug|Any CPU
		{C60C02FA-3B80-406A-8775-4ECB0BC8E7B2}.Debug|x64.ActiveCfg = Debug|Any CPU
		{C60C02FA-3B80-406A-8775-4ECB0BC8E7B2}.Debug|x64.Build.0 = Debug|Any CPU
		{C60C02FA-3B80-406A-8775-4ECB0BC8E7B2}.Debug|x86.ActiveCfg = Debug|Any CPU
		{C60C02FA-3B80-406A-8775-4ECB0BC8E7B2}.Debug|x86.Build.0 = Debug|Any CPU
		{C60C02FA-3B80-406A-8775-4ECB0BC8E7B2}.Release|Any CPU.ActiveCfg = Release|Any CPU
		{C60C02FA-3B80-406A-8775-4ECB0BC8E7B2}.Release|Any CPU.Build.0 = Release|Any CPU
		{C60C02FA-3B80-406A-8775-4ECB0BC8E7B2}.Release|x64.ActiveCfg = Release|Any CPU
		{C60C02FA-3B80-406A-8775-4ECB0BC8E7B2}.Release|x64.Build.0 = Release|Any CPU
		{C60C02FA-3B80-406A-8775-4ECB0BC8E7B2}.Release|x86.ActiveCfg = Release|Any CPU
		{C60C02FA-3B80-406A-8775-4ECB0BC8E7B2}.Release|x86.Build.0 = Release|Any CPU
		{A683F73B-46E5-4433-9992-783EBC7E00E9}.Debug|Any CPU.ActiveCfg = Debug|Any CPU
		{A683F73B-46E5-4433-9992-783EBC7E00E9}.Debug|Any CPU.Build.0 = Debug|Any CPU
		{A683F73B-46E5-4433-9992-783EBC7E00E9}.Debug|x64.ActiveCfg = Debug|Any CPU
		{A683F73B-46E5-4433-9992-783EBC7E00E9}.Debug|x64.Build.0 = Debug|Any CPU
		{A683F73B-46E5-4433-9992-783EBC7E00E9}.Debug|x86.ActiveCfg = Debug|Any CPU
		{A683F73B-46E5-4433-9992-783EBC7E00E9}.Debug|x86.Build.0 = Debug|Any CPU
		{A683F73B-46E5-4433-9992-783EBC7E00E9}.Release|Any CPU.ActiveCfg = Release|Any CPU
		{A683F73B-46E5-4433-9992-783EBC7E00E9}.Release|Any CPU.Build.0 = Release|Any CPU
		{A683F73B-46E5-4433-9992-783EBC7E00E9}.Release|x64.ActiveCfg = Release|Any CPU
		{A683F73B-46E5-4433-9992-783EBC7E00E9}.Release|x64.Build.0 = Release|Any CPU
		{A683F73B-46E5-4433-9992-783EBC7E00E9}.Release|x86.ActiveCfg = Release|Any CPU
		{A683F73B-46E5-4433-9992-783EBC7E00E9}.Release|x86.Build.0 = Release|Any CPU
	EndGlobalSection
EndGlobal
